<?xml version="1.0" encoding="utf-8"?>
<Project ToolsVersion="4.0" xmlns="http://schemas.microsoft.com/developer/msbuild/2003">
  <ItemGroup>
    <Filter Include="源文件">
      <UniqueIdentifier>{4FC737F1-C7A5-4376-A066-2A32D752A2FF}</UniqueIdentifier>
      <Extensions>cpp;c;cc;cxx;c++;cppm;ixx;def;odl;idl;hpj;bat;asm;asmx</Extensions>
    </Filter>
    <Filter Include="头文件">
      <UniqueIdentifier>{93995380-89BD-4b04-88EB-625FBE52EBFB}</UniqueIdentifier>
      <Extensions>h;hh;hpp;hxx;h++;hm;inl;inc;ipp;xsd</Extensions>
    </Filter>
    <Filter Include="资源文件">
      <UniqueIdentifier>{67DA6AB6-F800-4c08-8B7A-83BB121AAD01}</UniqueIdentifier>
      <Extensions>rc;ico;cur;bmp;dlg;rc2;rct;bin;rgs;gif;jpg;jpeg;jpe;resx;tiff;tif;png;wav;mfcribbon-ms</Extensions>
    </Filter>
    <Filter Include=".github">
      <UniqueIdentifier>{f4b00590-b926-41f4-8e49-174917327827}</UniqueIdentifier>
    </Filter>
    <Filter Include="头文件\Head">
      <UniqueIdentifier>{4634fcd9-b69c-4c88-a813-c7046feb4a95}</UniqueIdentifier>
    </Filter>
    <Filter Include="头文件\Head\Commom">
      <UniqueIdentifier>{4fdadd77-078b-4c8d-9170-08e5a58b0c24}</UniqueIdentifier>
    </Filter>
    <Filter Include="源文件\Func">
      <UniqueIdentifier>{528d003b-84b9-4caa-a21d-1d5bed4cc153}</UniqueIdentifier>
    </Filter>
    <Filter Include="源文件\Core">
      <UniqueIdentifier>{003526c1-597c-4807-b4ed-f4ab19a1ad09}</UniqueIdentifier>
    </Filter>
    <Filter Include="源文件\Main">
      <UniqueIdentifier>{48c391f8-73ae-4fcd-bb1e-ecd5d6a5b954}</UniqueIdentifier>
    </Filter>
    <Filter Include="头文件\Head\VS">
      <UniqueIdentifier>{1f36e579-b82d-4d9d-a613-43e09bb773e0}</UniqueIdentifier>
    </Filter>
    <Filter Include="资源文件\Custom">
      <UniqueIdentifier>{1b4c5eda-93b4-4de8-87fd-213097651d8c}</UniqueIdentifier>
    </Filter>
    <Filter Include="源文件\ExtraWindow">
      <UniqueIdentifier>{35e83bdd-ba62-434e-9a0b-ff2e6d05eedc}</UniqueIdentifier>
    </Filter>
    <Filter Include="头文件\Head\Extra">
      <UniqueIdentifier>{116e8bcc-bb9d-4eb3-a35c-4cb48fd2051a}</UniqueIdentifier>
    </Filter>
  </ItemGroup>
  <ItemGroup>
    <ClInclude Include="App.h">
      <Filter>头文件\Head\Commom</Filter>
    </ClInclude>
    <ClInclude Include="DragDrop.h">
      <Filter>头文件\Head\Commom</Filter>
    </ClInclude>
    <ClInclude Include="Flag.h">
      <Filter>头文件\Head</Filter>
    </ClInclude>
    <ClInclude Include="FreeMove_Square.h">
      <Filter>头文件\Head\Commom</Filter>
    </ClInclude>
    <ClInclude Include="PathDialog.h">
      <Filter>头文件\Head\Commom</Filter>
    </ClInclude>
    <ClInclude Include="UIStrings.h">
      <Filter>头文件\Head\Commom</Filter>
    </ClInclude>
    <ClInclude Include="AboutDlg.h">
      <Filter>头文件\Head\VS</Filter>
    </ClInclude>
    <ClInclude Include="Controls.h">
      <Filter>头文件\Head\VS</Filter>
    </ClInclude>
    <ClInclude Include="framework.h">
      <Filter>头文件\Head\VS</Filter>
    </ClInclude>
    <ClInclude Include="Resource.h">
      <Filter>头文件\Head\VS</Filter>
    </ClInclude>
    <ClInclude Include="targetver.h">
      <Filter>头文件\Head\VS</Filter>
    </ClInclude>
    <ClInclude Include="MoveProgressWnd.h">
      <Filter>头文件\Head\Extra</Filter>
    </ClInclude>
    <ClInclude Include="FileTools.h">
      <Filter>头文件\Head</Filter>
    </ClInclude>
  </ItemGroup>
  <ItemGroup>
    <ClCompile Include="AboutDlg.cpp">
      <Filter>源文件\Func</Filter>
    </ClCompile>
    <ClCompile Include="DragDrop.cpp">
      <Filter>源文件\Func</Filter>
    </ClCompile>
    <ClCompile Include="FileTools.cpp">
      <Filter>源文件\Core</Filter>
    </ClCompile>
    <ClCompile Include="UIStrings.cpp">
      <Filter>源文件\Core</Filter>
    </ClCompile>
    <ClCompile Include="PathDialog.cpp">
      <Filter>源文件\Func</Filter>
    </ClCompile>
    <ClCompile Include="App.cpp">
      <Filter>源文件\Main</Filter>
    </ClCompile>
    <ClCompile Include="FreeMove_Square.cpp">
      <Filter>源文件\Main</Filter>
    </ClCompile>
    <ClCompile Include="MoveProgressWnd.cpp">
      <Filter>源文件\ExtraWindow</Filter>
    </ClCompile>
  </ItemGroup>
  <ItemGroup>
    <ResourceCompile Include="FreeMove_Square.rc">
      <Filter>资源文件\Custom</Filter>
    </ResourceCompile>
    <ResourceCompile Include="resource.rc">
      <Filter>资源文件\Custom</Filter>
    </ResourceCompile>
  </ItemGroup>
  <ItemGroup>
    <Image Include="small.ico">
      <Filter>资源文件</Filter>
    </Image>
    <Image Include="FreeMove_Square.ico">
      <Filter>资源文件</Filter>
    </Image>
  </ItemGroup>
  <ItemGroup>
    <Text Include="strings_zh_CN.txt">
      <Filter>资源文件</Filter>
    </Text>
    <Text Include="about.txt">
      <Filter>资源文件\Custom</Filter>
    </Text>
  </ItemGroup>
  <ItemGroup>
    <Manifest Include="app.manifest">
      <Filter>资源文件</Filter>
    </Manifest>
  </ItemGroup>
  <ItemGroup>
    <None Include="lang.ini">
      <Filter>资源文件\Custom</Filter>
    </None>
  </ItemGroup>
</Project>